
Microsoft Visual Studio Solution File, Format Version 12.00
# Visual Studio 15
VisualStudioVersion = 15.0.27703.2035
MinimumVisualStudioVersion = 10.0.40219.1
Project("{8BC9CEB8-8B4A-11D0-8D11-00A0C91BC942}") = "MergeSort", "MergeSort\MergeSort.vcxproj", "{BD05B773-0523-4C4A-8BA2-46CA66079F8D}"
EndProject
Project("{8BC9CEB8-8B4A-11D0-8D11-00A0C91BC942}") = "Common", "..\Common\Common\Common.vcxproj", "{0DFF3BCE-E43B-4697-8257-E256551BFEDF}"
EndProject
Global
	GlobalSection(SolutionConfigurationPlatforms) = preSolution
		Debug|x64 = Debug|x64
		Debug|x86 = Debug|x86
		Release|x64 = Release|x64
		Release|x86 = Release|x86
	EndGlobalSection
	GlobalSection(ProjectConfigurationPlatforms) = postSolution
		{BD05B773-0523-4C4A-8BA2-46CA66079F8D}.Debug|x64.ActiveCfg = Debug|x64
		{BD05B773-0523-4C4A-8BA2-46CA66079F8D}.Debug|x64.Build.0 = Debug|x64
		{BD05B773-0523-4C4A-8BA2-46CA66079F8D}.Debug|x86.ActiveCfg = Debug|Win32
		{BD05B773-0523-4C4A-8BA2-46CA66079F8D}.Debug|x86.Build.0 = Debug|Win32
		{BD05B773-0523-4C4A-8BA2-46CA66079F8D}.Release|x64.ActiveCfg = Release|x64
		{BD05B773-0523-4C4A-8BA2-46CA66079F8D}.Release|x64.Build.0 = Release|x64
		{BD05B773-0523-4C4A-8BA2-46CA66079F8D}.Release|x86.ActiveCfg = Release|Win32
		{BD05B773-0523-4C4A-8BA2-46CA66079F8D}.Release|x86.Build.0 = Release|Win32
		{0DFF3BCE-E43B-4697-8257-E256551BFEDF}.Debug|x64.ActiveCfg = Debug|x64
		{0DFF3BCE-E43B-4697-8257-E256551BFEDF}.Debug|x64.Build.0 = Debug|x64
		{0DFF3BCE-E43B-4697-8257-E256551BFEDF}.Debug|x86.ActiveCfg = Debug|Win32
		{0DFF3BCE-E43B-4697-8257-E256551BFEDF}.Debug|x86.Build.0 = Debug|Win32
		{0DFF3BCE-E43B-4697-8257-E256551BFEDF}.Release|x64.ActiveCfg = Release|x64
		{0DFF3BCE-E43B-4697-8257-E256551BFEDF}.Release|x64.Build.0 = Release|x64
		{0DFF3BCE-E43B-4697-8257-E256551BFEDF}.Release|x86.ActiveCfg = Release|Win32
		{0DFF3BCE-E43B-4697-8257-E256551BFEDF}.Release|x86.Build.0 = Release|Win32
	EndGlobalSection
	GlobalSection(SolutionProperties) = preSolution
		HideSolutionNode = FALSE
	EndGlobalSection
	GlobalSection(ExtensibilityGlobals) = postSolution
		SolutionGuid = {4F09FADE-A9B8-4401-95BF-F7C1568AFE64}
	EndGlobalSection
EndGlobal
